
Microsoft Visual Studio Solution File, Format Version 12.00
# Visual Studio Version 17
VisualStudioVersion = 17.3.32922.545
MinimumVisualStudioVersion = 10.0.40219.1
Project("{FAE04EC0-301F-11D3-BF4B-00C04F79EFBC}") = "Rock Paper Scissors", "RPS\Rock Paper Scissors.csproj", "{29FF6BB2-DE10-4A84-A9A7-AACE9AE87B33}"
EndProject
Global
	GlobalSection(SolutionConfigurationPlatforms) = preSolution
		Debug|Any CPU = Debug|Any CPU
		Release|Any CPU = Release|Any CPU
	EndGlobalSection
	GlobalSection(ProjectConfigurationPlatforms) = postSolution
		{29FF6BB2-DE10-4A84-A9A7-AACE9AE87B33}.Debug|Any CPU.ActiveCfg = Debug|Any CPU
		{29FF6BB2-DE10-4A84-A9A7-AACE9AE87B33}.Debug|Any CPU.Build.0 = Debug|Any CPU
		{29FF6BB2-DE10-4A84-A9A7-AACE9AE87B33}.Release|Any CPU.ActiveCfg = Release|Any CPU
		{29FF6BB2-DE10-4A84-A9A7-AACE9AE87B33}.Release|Any CPU.Build.0 = Release|Any CPU
	EndGlobalSection
	GlobalSection(SolutionProperties) = preSolution
		HideSolutionNode = FALSE
	EndGlobalSection
	GlobalSection(ExtensibilityGlobals) = postSolution
		SolutionGuid = {0FE0323F-48F9-4637-B08C-5DEE02ABB0BF}
	EndGlobalSection
EndGlobal
